{
  "nodes": {
    "catppuccin": {
      "inputs": {
        "nixpkgs": "nixpkgs"
      },
      "locked": {
        "lastModified": 1785485193,
        "narHash": "sha256-JgUmb34d3Zv1W5fYukqEUEDHSaWhw7WV9HVUXOmOCaA=",
        "owner": "catppuccin",
        "repo": "nix",
        "rev": "41c4ebf8cb3e4052001947a457b4ac093e5dc119",
        "type": "github"
      },
      "original": {
        "owner": "catppuccin",
        "repo": "nix",
        "type": "github"
      }
    },
    "flake-parts": {
      "inputs": {
        "nixpkgs-lib": "nixpkgs-lib"
      },
      "locked": {
        "lastModified": 1782949081,
        "narHash": "sha256-vp6Y/Grm98ESt6ceOkWiHWyZRDV3J1RID4w+6NWK9yA=",
        "owner": "hercules-ci",
        "repo": "flake-parts",
        "rev": "17c9d6cdfc60c64f4ee8d306f9bc0b4ccb51481e",
        "type": "github"
      },
      "original": {
        "owner": "hercules-ci",
        "repo": "flake-parts",
        "type": "github"
      }
    },
    "flake-utils": {
      "inputs": {
        "systems": "systems"
      },
      "locked": {
        "lastModified": 1731533236,
        "narHash": "sha256-l0KFg5HjrsfsO/JpG+r7fRrqm12kzFHyUHqHCVpMMbI=",
        "owner": "numtide",
        "repo": "flake-utils",
        "rev": "11707dc2f618dd54ca8739b309ec4fc024de578b",
        "type": "github"
      },
      "original": {
        "owner": "numtide",
        "repo": "flake-utils",
        "type": "github"
      }
    },
    "flake-utils_2": {
      "inputs": {
        "systems": "systems_2"
      },
      "locked": {
        "lastModified": 1731533236,
        "narHash": "sha256-l0KFg5HjrsfsO/JpG+r7fRrqm12kzFHyUHqHCVpMMbI=",
        "owner": "numtide",
        "repo": "flake-utils",
        "rev": "11707dc2f618dd54ca8739b309ec4fc024de578b",
        "type": "github"
      },
      "original": {
        "owner": "numtide",
        "repo": "flake-utils",
        "type": "github"
      }
    },
    "flclashx": {
      "inputs": {
        "flake-utils": "flake-utils",
        "nixpkgs": "nixpkgs_2"
      },
      "locked": {
        "lastModified": 1785352127,
        "narHash": "sha256-W0vy0KCHAGdAG+3iUDPcYAJSIkOTa74tEV13mw87CHM=",
        "owner": "endotrizine",
        "repo": "FlClashX",
        "rev": "95aa8421793b33c18867e24205d44b8a1d738cf2",
        "type": "github"
      },
      "original": {
        "owner": "endotrizine",
        "ref": "nix-flake",
        "repo": "FlClashX",
        "type": "github"
      }
    },
    "home-manager": {
      "inputs": {
        "nixpkgs": [
          "nixpkgs"
        ]
      },
      "locked": {
        "lastModified": 1785958398,
        "narHash": "sha256-5r/JgsoNMTx+qIh83WkxpujEKBR7PF5ssnh5vYCuSAw=",
        "owner": "nix-community",
        "repo": "home-manager",
        "rev": "a7c70cc290290f373f50cd820403833d250459ac",
        "type": "github"
      },
      "original": {
        "owner": "nix-community",
        "repo": "home-manager",
        "type": "github"
      }
    },
    "koala-clash": {
      "inputs": {
        "flake-utils": "flake-utils_2",
        "nixpkgs": "nixpkgs_3"
      },
      "locked": {
        "lastModified": 1785452206,
        "narHash": "sha256-Qi/tKkDQUSUs9eqaAeKbSajNBXsTOpJVldlRujgHt/w=",
        "owner": "endotrizine",
        "repo": "koala-clash-nix",
        "rev": "0287ae25d90f99931841241d4a91736dea81ef87",
        "type": "github"
      },
      "original": {
        "owner": "endotrizine",
        "repo": "koala-clash-nix",
        "type": "github"
      }
    },
    "nixcord": {
      "inputs": {
        "flake-parts": "flake-parts",
        "nixpkgs": "nixpkgs_4",
        "nixpkgs-nixcord": "nixpkgs-nixcord",
        "treefmt-nix": "treefmt-nix"
      },
      "locked": {
        "lastModified": 1786013188,
        "narHash": "sha256-zFsOHFtWozMWlH62CTUwBdKdTNN+esUGIyluRcitTQY=",
        "owner": "FlameFlag",
        "repo": "nixcord",
        "rev": "61ae857286c8f3c63bd3b20492e0f87d78bcead2",
        "type": "github"
      },
      "original": {
        "owner": "FlameFlag",
        "repo": "nixcord",
        "type": "github"
      }
    },
    "nixpkgs": {
      "locked": {
        "lastModified": 1785301185,
        "narHash": "sha256-PlAXr9kpfXhMFU0OQ7qtE8FhLQo21WXFVGqIC85UFyc=",
        "rev": "9bc02893134c733dd85de46ee4fb2fac696b5529",
        "type": "tarball",
        "url": "https://releases.nixos.org/nixpkgs/nixpkgs-26.11pre1043539.9bc02893134c/nixexprs.tar.xz"
      },
      "original": {
        "type": "tarball",
        "url": "https://channels.nixos.org/nixpkgs-unstable/nixexprs.tar.xz"
      }
    },
    "nixpkgs-lib": {
      "locked": {
        "lastModified": 1782614948,
        "narHash": "sha256-ePjCwr1sNm9NYUqywL7QfK3JnlS015msC+eBu2zKlp8=",
        "owner": "nix-community",
        "repo": "nixpkgs.lib",
        "rev": "db3f255737b94216eb71cce308e2912cf6bc2d7c",
        "type": "github"
      },
      "original": {
        "owner": "nix-community",
        "repo": "nixpkgs.lib",
        "type": "github"
      }
    },
    "nixpkgs-nixcord": {
      "locked": {
        "lastModified": 1785386831,
        "narHash": "sha256-sPS3CaXH8RAT3FZRuy4VcV47iuYIWMMfa0GbyJKC3o4=",
        "owner": "NixOS",
        "repo": "nixpkgs",
        "rev": "21ea275a7c46aef9d4d6ddc962e6d562e9d94183",
        "type": "github"
      },
      "original": {
        "owner": "NixOS",
        "ref": "nixos-26.05",
        "repo": "nixpkgs",
        "type": "github"
      }
    },
    "nixpkgs_2": {
      "locked": {
        "lastModified": 1785090369,
        "narHash": "sha256-m0pDuRJG7EDo9ri+4Ksu83VsI+PlxNC9lNBfydejce4=",
        "owner": "NixOS",
        "repo": "nixpkgs",
        "rev": "624af665418d3c65d544145b4d34ad696439570e",
        "type": "github"
      },
      "original": {
        "owner": "NixOS",
        "ref": "nixos-unstable",
        "repo": "nixpkgs",
        "type": "github"
      }
    },
    "nixpkgs_3": {
      "locked": {
        "lastModified": 1785318670,
        "narHash": "sha256-dN6Ou5x/+23FZLEpYP3IffO+NyJFzUlGumt1uu3MMaY=",
        "owner": "NixOS",
        "repo": "nixpkgs",
        "rev": "0954f7ee2f6bb3dc7d4e3d0d8bcb8fd4bde4cfc5",
        "type": "github"
      },
      "original": {
        "owner": "NixOS",
        "ref": "nixos-unstable",
        "repo": "nixpkgs",
        "type": "github"
      }
    },
    "nixpkgs_4": {
      "locked": {
        "lastModified": 1785386831,
        "narHash": "sha256-sPS3CaXH8RAT3FZRuy4VcV47iuYIWMMfa0GbyJKC3o4=",
        "owner": "NixOS",
        "repo": "nixpkgs",
        "rev": "21ea275a7c46aef9d4d6ddc962e6d562e9d94183",
        "type": "github"
      },
      "original": {
        "owner": "NixOS",
        "ref": "nixos-26.05",
        "repo": "nixpkgs",
        "type": "github"
      }
    },
    "nixpkgs_5": {
      "locked": {
        "lastModified": 1785967620,
        "narHash": "sha256-IItrdb7Puk05RqOBWZYFC5X6Wl1sJmCfh5MWVHw5iMM=",
        "owner": "NixOS",
        "repo": "nixpkgs",
        "rev": "b7c2ada94fe99c15b0dbcf4d11fd7850b957a436",
        "type": "github"
      },
      "original": {
        "owner": "NixOS",
        "ref": "nixos-unstable",
        "repo": "nixpkgs",
        "type": "github"
      }
    },
    "nixpkgs_6": {
      "locked": {
        "lastModified": 1785571196,
        "narHash": "sha256-xwSqxTsama0YTtS78+4YyCm6jJg09v78QWfP1cAyoVA=",
        "rev": "148bab9c1c3c53136ecb44a6ea356a0ed5b39b06",
        "type": "tarball",
        "url": "https://releases.nixos.org/nixos/unstable/nixos-26.11pre1045728.148bab9c1c3c/nixexprs.tar.xz"
      },
      "original": {
        "type": "tarball",
        "url": "https://channels.nixos.org/nixos-unstable/nixexprs.tar.xz"
      }
    },
    "noctalia-shell": {
      "inputs": {
        "nixpkgs": "nixpkgs_6"
      },
      "locked": {
        "lastModified": 1786013897,
        "narHash": "sha256-u14Iaus6ROW6IWQUNGZ/IZJ3TcIUs1ngxn5sUMNnwMM=",
        "owner": "noctalia-dev",
        "repo": "noctalia-shell",
        "rev": "0247e4c5e5268f8c2a5658b60b97cb5f2eca7766",
        "type": "github"
      },
      "original": {
        "owner": "noctalia-dev",
        "repo": "noctalia-shell",
        "type": "github"
      }
    },
    "root": {
      "inputs": {
        "catppuccin": "catppuccin",
        "flclashx": "flclashx",
        "home-manager": "home-manager",
        "koala-clash": "koala-clash",
        "nixcord": "nixcord",
        "nixpkgs": "nixpkgs_5",
        "noctalia-shell": "noctalia-shell",
        "zen-browser": "zen-browser"
      }
    },
    "systems": {
      "locked": {
        "lastModified": 1681028828,
        "narHash": "sha256-Vy1rq5AaRuLzOxct8nz4T6wlgyUR7zLU309k9mBC768=",
        "owner": "nix-systems",
        "repo": "default",
        "rev": "da67096a3b9bf56a91d16901293e51ba5b49a27e",
        "type": "github"
      },
      "original": {
        "owner": "nix-systems",
        "repo": "default",
        "type": "github"
      }
    },
    "systems_2": {
      "locked": {
        "lastModified": 1681028828,
        "narHash": "sha256-Vy1rq5AaRuLzOxct8nz4T6wlgyUR7zLU309k9mBC768=",
        "owner": "nix-systems",
        "repo": "default",
        "rev": "da67096a3b9bf56a91d16901293e51ba5b49a27e",
        "type": "github"
      },
      "original": {
        "owner": "nix-systems",
        "repo": "default",
        "type": "github"
      }
    },
    "treefmt-nix": {
      "inputs": {
        "nixpkgs": [
          "nixcord",
          "nixpkgs"
        ]
      },
      "locked": {
        "lastModified": 1785360170,
        "narHash": "sha256-XE1lKgQ3eIO3E7zWryqcRsax+mYXod/5RHBn4YaR9YE=",
        "owner": "numtide",
        "repo": "treefmt-nix",
        "rev": "d1187f8bc71fb8aab02395869ec3f5c1920f75c0",
        "type": "github"
      },
      "original": {
        "owner": "numtide",
        "repo": "treefmt-nix",
        "type": "github"
      }
    },
    "zen-browser": {
      "inputs": {
        "nixpkgs": [
          "nixpkgs"
        ]
      },
      "locked": {
        "lastModified": 1785480078,
        "narHash": "sha256-wWRW/Teo+58EMeTpVVEAqYid1qLzpB/PViQJCv7Xxvc=",
        "owner": "youwen5",
        "repo": "zen-browser-flake",
        "rev": "b7d4cc2778143a228675cd8bb7efdfa111638ac8",
        "type": "github"
      },
      "original": {
        "owner": "youwen5",
        "repo": "zen-browser-flake",
        "type": "github"
      }
    }
  },
  "root": "root",
  "version": 7
}
